// !$*UTF8*$!
{
	archiveVersion = 1;
	classes = {
	};
	objectVersion = 46;
	objects = {

/* Begin PBXBuildFile section */
		C20108131714616E009D4E58 /* Cocoa.framework in Frameworks */ = {isa = PBXBuildFile; fileRef = C20108121714616E009D4E58 /* Cocoa.framework */; };
		C201081D1714616E009D4E58 /* InfoPlist.strings in Resources */ = {isa = PBXBuildFile; fileRef = C201081B1714616E009D4E58 /* InfoPlist.strings */; };
		C201081F1714616E009D4E58 /* main.m in Sources */ = {isa = PBXBuildFile; fileRef = C201081E1714616E009D4E58 /* main.m */; };
		C20108231714616F009D4E58 /* Credits.rtf in Resources */ = {isa = PBXBuildFile; fileRef = C20108211714616F009D4E58 /* Credits.rtf */; };
		C20108261714616F009D4E58 /* KBSAppDelegate.m in Sources */ = {isa = PBXBuildFile; fileRef = C20108251714616F009D4E58 /* KBSAppDelegate.m */; };
		C20108291714616F009D4E58 /* MainMenu.xib in Resources */ = {isa = PBXBuildFile; fileRef = C20108271714616F009D4E58 /* MainMenu.xib */; };
		C20108311714616F009D4E58 /* SenTestingKit.framework in Frameworks */ = {isa = PBXBuildFile; fileRef = C20108301714616F009D4E58 /* SenTestingKit.framework */; };
		C20108321714616F009D4E58 /* Cocoa.framework in Frameworks */ = {isa = PBXBuildFile; fileRef = C20108121714616E009D4E58 /* Cocoa.framework */; };
		C201083A1714616F009D4E58 /* InfoPlist.strings in Resources */ = {isa = PBXBuildFile; fileRef = C20108381714616F009D4E58 /* InfoPlist.strings */; };
		C2010943171463AB009D4E58 /* KBSLengthTest.m in Sources */ = {isa = PBXBuildFile; fileRef = C2010942171463AB009D4E58 /* KBSLengthTest.m */; };
		C20109461714642A009D4E58 /* KSADNPostParser.m in Sources */ = {isa = PBXBuildFile; fileRef = C20109451714642A009D4E58 /* KSADNPostParser.m */; };
		C20109471714642A009D4E58 /* KSADNPostParser.m in Sources */ = {isa = PBXBuildFile; fileRef = C20109451714642A009D4E58 /* KSADNPostParser.m */; };
		C201094A17146579009D4E58 /* KSConstants.m in Sources */ = {isa = PBXBuildFile; fileRef = C201094917146579009D4E58 /* KSConstants.m */; };
		C201094B17146579009D4E58 /* KSConstants.m in Sources */ = {isa = PBXBuildFile; fileRef = C201094917146579009D4E58 /* KSConstants.m */; };
/* End PBXBuildFile section */

/* Begin PBXContainerItemProxy section */
		C20108331714616F009D4E58 /* PBXContainerItemProxy */ = {
			isa = PBXContainerItemProxy;
			containerPortal = C20108071714616E009D4E58 /* Project object */;
			proxyType = 1;
			remoteGlobalIDString = C201080E1714616E009D4E58;
			remoteInfo = Example;
		};
/* End PBXContainerItemProxy section */

/* Begin PBXFileReference section */
		C201080F1714616E009D4E58 /* Example.app */ = {isa = PBXFileReference; explicitFileType = wrapper.application; includeInIndex = 0; path = Example.app; sourceTree = BUILT_PRODUCTS_DIR; };
		C20108121714616E009D4E58 /* Cocoa.framework */ = {isa = PBXFileReference; lastKnownFileType = wrapper.framework; name = Cocoa.framework; path = System/Library/Frameworks/Cocoa.framework; sourceTree = SDKROOT; };
		C20108151714616E009D4E58 /* AppKit.framework */ = {isa = PBXFileReference; lastKnownFileType = wrapper.framework; name = AppKit.framework; path = System/Library/Frameworks/AppKit.framework; sourceTree = SDKROOT; };
		C20108161714616E009D4E58 /* CoreData.framework */ = {isa = PBXFileReference; lastKnownFileType = wrapper.framework; name = CoreData.framework; path = System/Library/Frameworks/CoreData.framework; sourceTree = SDKROOT; };
		C20108171714616E009D4E58 /* Foundation.framework */ = {isa = PBXFileReference; lastKnownFileType = wrapper.framework; name = Foundation.framework; path = System/Library/Frameworks/Foundation.framework; sourceTree = SDKROOT; };
		C201081A1714616E009D4E58 /* Example-Info.plist */ = {isa = PBXFileReference; lastKnownFileType = text.plist.xml; path = "Example-Info.plist"; sourceTree = "<group>"; };
		C201081C1714616E009D4E58 /* en */ = {isa = PBXFileReference; lastKnownFileType = text.plist.strings; name = en; path = en.lproj/InfoPlist.strings; sourceTree = "<group>"; };
		C201081E1714616E009D4E58 /* main.m */ = {isa = PBXFileReference; lastKnownFileType = sourcecode.c.objc; path = main.m; sourceTree = "<group>"; };
		C20108201714616F009D4E58 /* Example-Prefix.pch */ = {isa = PBXFileReference; lastKnownFileType = sourcecode.c.h; path = "Example-Prefix.pch"; sourceTree = "<group>"; };
		C20108221714616F009D4E58 /* en */ = {isa = PBXFileReference; lastKnownFileType = text.rtf; name = en; path = en.lproj/Credits.rtf; sourceTree = "<group>"; };
		C20108241714616F009D4E58 /* KBSAppDelegate.h */ = {isa = PBXFileReference; lastKnownFileType = sourcecode.c.h; path = KBSAppDelegate.h; sourceTree = "<group>"; };
		C20108251714616F009D4E58 /* KBSAppDelegate.m */ = {isa = PBXFileReference; lastKnownFileType = sourcecode.c.objc; path = KBSAppDelegate.m; sourceTree = "<group>"; };
		C20108281714616F009D4E58 /* en */ = {isa = PBXFileReference; lastKnownFileType = file.xib; name = en; path = en.lproj/MainMenu.xib; sourceTree = "<group>"; };
		C201082F1714616F009D4E58 /* ExampleTests.octest */ = {isa = PBXFileReference; explicitFileType = wrapper.cfbundle; includeInIndex = 0; path = ExampleTests.octest; sourceTree = BUILT_PRODUCTS_DIR; };
		C20108301714616F009D4E58 /* SenTestingKit.framework */ = {isa = PBXFileReference; lastKnownFileType = wrapper.framework; name = SenTestingKit.framework; path = Library/Frameworks/SenTestingKit.framework; sourceTree = DEVELOPER_DIR; };
		C20108371714616F009D4E58 /* ExampleTests-Info.plist */ = {isa = PBXFileReference; lastKnownFileType = text.plist.xml; path = "ExampleTests-Info.plist"; sourceTree = "<group>"; };
		C20108391714616F009D4E58 /* en */ = {isa = PBXFileReference; lastKnownFileType = text.plist.strings; name = en; path = en.lproj/InfoPlist.strings; sourceTree = "<group>"; };
		C2010942171463AB009D4E58 /* KBSLengthTest.m */ = {isa = PBXFileReference; fileEncoding = 4; lastKnownFileType = sourcecode.c.objc; path = KBSLengthTest.m; sourceTree = "<group>"; };
		C20109441714642A009D4E58 /* KSADNPostParser.h */ = {isa = PBXFileReference; fileEncoding = 4; lastKnownFileType = sourcecode.c.h; name = KSADNPostParser.h; path = ../../KSADNPostParser.h; sourceTree = "<group>"; };
		C20109451714642A009D4E58 /* KSADNPostParser.m */ = {isa = PBXFileReference; fileEncoding = 4; lastKnownFileType = sourcecode.c.objc; name = KSADNPostParser.m; path = ../../KSADNPostParser.m; sourceTree = "<group>"; };
		C201094817146579009D4E58 /* KSConstants.h */ = {isa = PBXFileReference; fileEncoding = 4; lastKnownFileType = sourcecode.c.h; name = KSConstants.h; path = ../../../../Git/SailOSX/Sail/KSConstants.h; sourceTree = "<group>"; };
		C201094917146579009D4E58 /* KSConstants.m */ = {isa = PBXFileReference; fileEncoding = 4; lastKnownFileType = sourcecode.c.objc; name = KSConstants.m; path = ../../../../Git/SailOSX/Sail/KSConstants.m; sourceTree = "<group>"; };
/* End PBXFileReference section */

/* Begin PBXFrameworksBuildPhase section */
		C201080C1714616E009D4E58 /* Frameworks */ = {
			isa = PBXFrameworksBuildPhase;
			buildActionMask = 2147483647;
			files = (
				C20108131714616E009D4E58 /* Cocoa.framework in Frameworks */,
			);
			runOnlyForDeploymentPostprocessing = 0;
		};
		C201082B1714616F009D4E58 /* Frameworks */ = {
			isa = PBXFrameworksBuildPhase;
			buildActionMask = 2147483647;
			files = (
				C20108311714616F009D4E58 /* SenTestingKit.framework in Frameworks */,
				C20108321714616F009D4E58 /* Cocoa.framework in Frameworks */,
			);
			runOnlyForDeploymentPostprocessing = 0;
		};
/* End PBXFrameworksBuildPhase section */

/* Begin PBXGroup section */
		C20108061714616E009D4E58 = {
			isa = PBXGroup;
			children = (
				C20108181714616E009D4E58 /* Example */,
				C20108351714616F009D4E58 /* ExampleTests */,
				C20108111714616E009D4E58 /* Frameworks */,
				C20108101714616E009D4E58 /* Products */,
			);
			sourceTree = "<group>";
		};
		C20108101714616E009D4E58 /* Products */ = {
			isa = PBXGroup;
			children = (
				C201080F1714616E009D4E58 /* Example.app */,
				C201082F1714616F009D4E58 /* ExampleTests.octest */,
			);
			name = Products;
			sourceTree = "<group>";
		};
		C20108111714616E009D4E58 /* Frameworks */ = {
			isa = PBXGroup;
			children = (
				C20108121714616E009D4E58 /* Cocoa.framework */,
				C20108301714616F009D4E58 /* SenTestingKit.framework */,
				C20108141714616E009D4E58 /* Other Frameworks */,
			);
			name = Frameworks;
			sourceTree = "<group>";
		};
		C20108141714616E009D4E58 /* Other Frameworks */ = {
			isa = PBXGroup;
			children = (
				C20108151714616E009D4E58 /* AppKit.framework */,
				C20108161714616E009D4E58 /* CoreData.framework */,
				C20108171714616E009D4E58 /* Foundation.framework */,
			);
			name = "Other Frameworks";
			sourceTree = "<group>";
		};
		C20108181714616E009D4E58 /* Example */ = {
			isa = PBXGroup;
			children = (
				C20108241714616F009D4E58 /* KBSAppDelegate.h */,
				C20108251714616F009D4E58 /* KBSAppDelegate.m */,
				C20108271714616F009D4E58 /* MainMenu.xib */,
				C201094817146579009D4E58 /* KSConstants.h */,
				C201094917146579009D4E58 /* KSConstants.m */,
				C20109441714642A009D4E58 /* KSADNPostParser.h */,
				C20109451714642A009D4E58 /* KSADNPostParser.m */,
				C20108461714628C009D4E58 /* Vendor */,
				C20108191714616E009D4E58 /* Supporting Files */,
			);
			path = Example;
			sourceTree = "<group>";
		};
		C20108191714616E009D4E58 /* Supporting Files */ = {
			isa = PBXGroup;
			children = (
				C201081A1714616E009D4E58 /* Example-Info.plist */,
				C201081B1714616E009D4E58 /* InfoPlist.strings */,
				C201081E1714616E009D4E58 /* main.m */,
				C20108201714616F009D4E58 /* Example-Prefix.pch */,
				C20108211714616F009D4E58 /* Credits.rtf */,
			);
			name = "Supporting Files";
			sourceTree = "<group>";
		};
		C20108351714616F009D4E58 /* ExampleTests */ = {
			isa = PBXGroup;
			children = (
				C2010942171463AB009D4E58 /* KBSLengthTest.m */,
				C20108361714616F009D4E58 /* Supporting Files */,
			);
			path = ExampleTests;
			sourceTree = "<group>";
		};
		C20108361714616F009D4E58 /* Supporting Files */ = {
			isa = PBXGroup;
			children = (
				C20108371714616F009D4E58 /* ExampleTests-Info.plist */,
				C20108381714616F009D4E58 /* InfoPlist.strings */,
			);
			name = "Supporting Files";
			sourceTree = "<group>";
		};
		C20108461714628C009D4E58 /* Vendor */ = {
			isa = PBXGroup;
			children = (
			);
			name = Vendor;
			sourceTree = "<group>";
		};
/* End PBXGroup section */

/* Begin PBXNativeTarget section */
		C201080E1714616E009D4E58 /* Example */ = {
			isa = PBXNativeTarget;
			buildConfigurationList = C20108401714616F009D4E58 /* Build configuration list for PBXNativeTarget "Example" */;
			buildPhases = (
				C201080B1714616E009D4E58 /* Sources */,
				C201080C1714616E009D4E58 /* Frameworks */,
				C201080D1714616E009D4E58 /* Resources */,
			);
			buildRules = (
			);
			dependencies = (
			);
			name = Example;
			productName = Example;
			productReference = C201080F1714616E009D4E58 /* Example.app */;
			productType = "com.apple.product-type.application";
		};
		C201082E1714616F009D4E58 /* ExampleTests */ = {
			isa = PBXNativeTarget;
			buildConfigurationList = C20108431714616F009D4E58 /* Build configuration list for PBXNativeTarget "ExampleTests" */;
			buildPhases = (
				C201082A1714616F009D4E58 /* Sources */,
				C201082B1714616F009D4E58 /* Frameworks */,
				C201082C1714616F009D4E58 /* Resources */,
				C201082D1714616F009D4E58 /* ShellScript */,
			);
			buildRules = (
			);
			dependencies = (
				C20108341714616F009D4E58 /* PBXTargetDependency */,
			);
			name = ExampleTests;
			productName = ExampleTests;
			productReference = C201082F1714616F009D4E58 /* ExampleTests.octest */;
			productType = "com.apple.product-type.bundle";
		};
/* End PBXNativeTarget section */

/* Begin PBXProject section */
		C20108071714616E009D4E58 /* Project object */ = {
			isa = PBXProject;
			attributes = {
				CLASSPREFIX = KBS;
				LastUpgradeCheck = 0460;
				ORGANIZATIONNAME = "Keith Smiley";
			};
			buildConfigurationList = C201080A1714616E009D4E58 /* Build configuration list for PBXProject "Example" */;
			compatibilityVersion = "Xcode 3.2";
			developmentRegion = English;
			hasScannedForEncodings = 0;
			knownRegions = (
				en,
			);
			mainGroup = C20108061714616E009D4E58;
			productRefGroup = C20108101714616E009D4E58 /* Products */;
			projectDirPath = "";
			projectRoot = "";
			targets = (
				C201080E1714616E009D4E58 /* Example */,
				C201082E1714616F009D4E58 /* ExampleTests */,
			);
		};
/* End PBXProject section */

/* Begin PBXResourcesBuildPhase section */
		C201080D1714616E009D4E58 /* Resources */ = {
			isa = PBXResourcesBuildPhase;
			buildActionMask = 2147483647;
			files = (
				C201081D1714616E009D4E58 /* InfoPlist.strings in Resources */,
				C20108231714616F009D4E58 /* Credits.rtf in Resources */,
				C20108291714616F009D4E58 /* MainMenu.xib in Resources */,
			);
			runOnlyForDeploymentPostprocessing = 0;
		};
		C201082C1714616F009D4E58 /* Resources */ = {
			isa = PBXResourcesBuildPhase;
			buildActionMask = 2147483647;
			files = (
				C201083A1714616F009D4E58 /* InfoPlist.strings in Resources */,
			);
			runOnlyForDeploymentPostprocessing = 0;
		};
/* End PBXResourcesBuildPhase section */

/* Begin PBXShellScriptBuildPhase section */
		C201082D1714616F009D4E58 /* ShellScript */ = {
			isa = PBXShellScriptBuildPhase;
			buildActionMask = 2147483647;
			files = (
			);
			inputPaths = (
			);
			outputPaths = (
			);
			runOnlyForDeploymentPostprocessing = 0;
			shellPath = /bin/sh;
			shellScript = "# Run the unit tests in this test bundle.\n\"${SYSTEM_DEVELOPER_DIR}/Tools/RunUnitTests\"\n";
		};
/* End PBXShellScriptBuildPhase section */

/* Begin PBXSourcesBuildPhase section */
		C201080B1714616E009D4E58 /* Sources */ = {
			isa = PBXSourcesBuildPhase;
			buildActionMask = 2147483647;
			files = (
				C201081F1714616E009D4E58 /* main.m in Sources */,
				C20108261714616F009D4E58 /* KBSAppDelegate.m in Sources */,
				C20109461714642A009D4E58 /* KSADNPostParser.m in Sources */,
				C201094A17146579009D4E58 /* KSConstants.m in Sources */,
			);
			runOnlyForDeploymentPostprocessing = 0;
		};
		C201082A1714616F009D4E58 /* Sources */ = {
			isa = PBXSourcesBuildPhase;
			buildActionMask = 2147483647;
			files = (
				C2010943171463AB009D4E58 /* KBSLengthTest.m in Sources */,
				C20109471714642A009D4E58 /* KSADNPostParser.m in Sources */,
				C201094B17146579009D4E58 /* KSConstants.m in Sources */,
			);
			runOnlyForDeploymentPostprocessing = 0;
		};
/* End PBXSourcesBuildPhase section */

/* Begin PBXTargetDependency section */
		C20108341714616F009D4E58 /* PBXTargetDependency */ = {
			isa = PBXTargetDependency;
			target = C201080E1714616E009D4E58 /* Example */;
			targetProxy = C20108331714616F009D4E58 /* PBXContainerItemProxy */;
		};
/* End PBXTargetDependency section */

/* Begin PBXVariantGroup section */
		C201081B1714616E009D4E58 /* InfoPlist.strings */ = {
			isa = PBXVariantGroup;
			children = (
				C201081C1714616E009D4E58 /* en */,
			);
			name = InfoPlist.strings;
			sourceTree = "<group>";
		};
		C20108211714616F009D4E58 /* Credits.rtf */ = {
			isa = PBXVariantGroup;
			children = (
				C20108221714616F009D4E58 /* en */,
			);
			name = Credits.rtf;
			sourceTree = "<group>";
		};
		C20108271714616F009D4E58 /* MainMenu.xib */ = {
			isa = PBXVariantGroup;
			children = (
				C20108281714616F009D4E58 /* en */,
			);
			name = MainMenu.xib;
			sourceTree = "<group>";
		};
		C20108381714616F009D4E58 /* InfoPlist.strings */ = {
			isa = PBXVariantGroup;
			children = (
				C20108391714616F009D4E58 /* en */,
			);
			name = InfoPlist.strings;
			sourceTree = "<group>";
		};
/* End PBXVariantGroup section */

/* Begin XCBuildConfiguration section */
		C201083E1714616F009D4E58 /* Debug */ = {
			isa = XCBuildConfiguration;
			buildSettings = {
				ALWAYS_SEARCH_USER_PATHS = NO;
				ARCHS = "$(ARCHS_STANDARD_64_BIT)";
				CLANG_CXX_LANGUAGE_STANDARD = "gnu++0x";
				CLANG_CXX_LIBRARY = "libc++";
				CLANG_ENABLE_OBJC_ARC = YES;
				CLANG_WARN_CONSTANT_CONVERSION = YES;
				CLANG_WARN_EMPTY_BODY = YES;
				CLANG_WARN_ENUM_CONVERSION = YES;
				CLANG_WARN_INT_CONVERSION = YES;
				CLANG_WARN__DUPLICATE_METHOD_MATCH = YES;
				COPY_PHASE_STRIP = NO;
				GCC_C_LANGUAGE_STANDARD = gnu99;
				GCC_DYNAMIC_NO_PIC = NO;
				GCC_ENABLE_OBJC_EXCEPTIONS = YES;
				GCC_OPTIMIZATION_LEVEL = 0;
				GCC_PREPROCESSOR_DEFINITIONS = (
					"DEBUG=1",
					"$(inherited)",
				);
				GCC_SYMBOLS_PRIVATE_EXTERN = NO;
				GCC_WARN_64_TO_32_BIT_CONVERSION = YES;
				GCC_WARN_ABOUT_RETURN_TYPE = YES;
				GCC_WARN_UNINITIALIZED_AUTOS = YES;
				GCC_WARN_UNUSED_VARIABLE = YES;
				MACOSX_DEPLOYMENT_TARGET = 10.8;
				ONLY_ACTIVE_ARCH = YES;
				SDKROOT = macosx;
			};
			name = Debug;
		};
		C201083F1714616F009D4E58 /* Release */ = {
			isa = XCBuildConfiguration;
			buildSettings = {
				ALWAYS_SEARCH_USER_PATHS = NO;
				ARCHS = "$(ARCHS_STANDARD_64_BIT)";
				CLANG_CXX_LANGUAGE_STANDARD = "gnu++0x";
				CLANG_CXX_LIBRARY = "libc++";
				CLANG_ENABLE_OBJC_ARC = YES;
				CLANG_WARN_CONSTANT_CONVERSION = YES;
				CLANG_WARN_EMPTY_BODY = YES;
				CLANG_WARN_ENUM_CONVERSION = YES;
				CLANG_WARN_INT_CONVERSION = YES;
				CLANG_WARN__DUPLICATE_METHOD_MATCH = YES;
				COPY_PHASE_STRIP = YES;
				DEBUG_INFORMATION_FORMAT = "dwarf-with-dsym";
				GCC_C_LANGUAGE_STANDARD = gnu99;
				GCC_ENABLE_OBJC_EXCEPTIONS = YES;
				GCC_WARN_64_TO_32_BIT_CONVERSION = YES;
				GCC_WARN_ABOUT_RETURN_TYPE = YES;
				GCC_WARN_UNINITIALIZED_AUTOS = YES;
				GCC_WARN_UNUSED_VARIABLE = YES;
				MACOSX_DEPLOYMENT_TARGET = 10.8;
				SDKROOT = macosx;
			};
			name = Release;
		};
		C20108411714616F009D4E58 /* Debug */ = {
			isa = XCBuildConfiguration;
			buildSettings = {
				COMBINE_HIDPI_IMAGES = YES;
				GCC_PRECOMPILE_PREFIX_HEADER = YES;
				GCC_PREFIX_HEADER = "Example/Example-Prefix.pch";
				INFOPLIST_FILE = "Example/Example-Info.plist";
				PRODUCT_NAME = "$(TARGET_NAME)";
				WRAPPER_EXTENSION = app;
			};
			name = Debug;
		};
		C20108421714616F009D4E58 /* Release */ = {
			isa = XCBuildConfiguration;
			buildSettings = {
				COMBINE_HIDPI_IMAGES = YES;
				GCC_PRECOMPILE_PREFIX_HEADER = YES;
				GCC_PREFIX_HEADER = "Example/Example-Prefix.pch";
				INFOPLIST_FILE = "Example/Example-Info.plist";
				PRODUCT_NAME = "$(TARGET_NAME)";
				WRAPPER_EXTENSION = app;
			};
			name = Release;
		};
		C20108441714616F009D4E58 /* Debug */ = {
			isa = XCBuildConfiguration;
			buildSettings = {
				BUNDLE_LOADER = "$(BUILT_PRODUCTS_DIR)/Example.app/Contents/MacOS/Example";
				COMBINE_HIDPI_IMAGES = YES;
				FRAMEWORK_SEARCH_PATHS = "\"$(DEVELOPER_LIBRARY_DIR)/Frameworks\"";
				GCC_PRECOMPILE_PREFIX_HEADER = YES;
				GCC_PREFIX_HEADER = "Example/Example-Prefix.pch";
				INFOPLIST_FILE = "ExampleTests/ExampleTests-Info.plist";
				OTHER_LDFLAGS = "-ObjC";
				PRODUCT_NAME = "$(TARGET_NAME)";
				TEST_HOST = "$(BUNDLE_LOADER)";
				WRAPPER_EXTENSION = octest;
			};
			name = Debug;
		};
		C20108451714616F009D4E58 /* Release */ = {
			isa = XCBuildConfiguration;
			buildSettings = {
				BUNDLE_LOADER = "$(BUILT_PRODUCTS_DIR)/Example.app/Contents/MacOS/Example";
				COMBINE_HIDPI_IMAGES = YES;
				FRAMEWORK_SEARCH_PATHS = "\"$(DEVELOPER_LIBRARY_DIR)/Frameworks\"";
				GCC_PRECOMPILE_PREFIX_HEADER = YES;
				GCC_PREFIX_HEADER = "Example/Example-Prefix.pch";
				INFOPLIST_FILE = "ExampleTests/ExampleTests-Info.plist";
				OTHER_LDFLAGS = "-ObjC";
				PRODUCT_NAME = "$(TARGET_NAME)";
				TEST_HOST = "$(BUNDLE_LOADER)";
				WRAPPER_EXTENSION = octest;
			};
			name = Release;
		};
/* End XCBuildConfiguration section */

/* Begin XCConfigurationList section */
		C201080A1714616E009D4E58 /* Build configuration list for PBXProject "Example" */ = {
			isa = XCConfigurationList;
			buildConfigurations = (
				C201083E1714616F009D4E58 /* Debug */,
				C201083F1714616F009D4E58 /* Release */,
			);
			defaultConfigurationIsVisible = 0;
			defaultConfigurationName = Release;
		};
		C20108401714616F009D4E58 /* Build configuration list for PBXNativeTarget "Example" */ = {
			isa = XCConfigurationList;
			buildConfigurations = (
				C20108411714616F009D4E58 /* Debug */,
				C20108421714616F009D4E58 /* Release */,
			);
			defaultConfigurationIsVisible = 0;
			defaultConfigurationName = Release;
		};
		C20108431714616F009D4E58 /* Build configuration list for PBXNativeTarget "ExampleTests" */ = {
			isa = XCConfigurationList;
			buildConfigurations = (
				C20108441714616F009D4E58 /* Debug */,
				C20108451714616F009D4E58 /* Release */,
			);
			defaultConfigurationIsVisible = 0;
			defaultConfigurationName = Release;
		};
/* End XCConfigurationList section */
	};
	rootObject = C20108071714616E009D4E58 /* Project object */;
}
